
Microsoft Visual Studio Solution File, Format Version 12.00
# Visual Studio Version 16
VisualStudioVersion = 16.0.29613.14
MinimumVisualStudioVersion = 10.0.40219.1
Project("{8BC9CEB8-8B4A-11D0-8D11-00A0C91BC942}") = "INTERNAL_MAIN", "INTERNAL_MAIN\INTERNAL_MAIN.vcxproj", "{3ACB6627-D6D6-4CE1-A142-68662304E9C6}"
EndProject
Global
	GlobalSection(SolutionConfigurationPlatforms) = preSolution
		Debug|x64 = Debug|x64
		Debug|x86 = Debug|x86
		Release|x64 = Release|x64
		Release|x86 = Release|x86
	EndGlobalSection
	GlobalSection(ProjectConfigurationPlatforms) = postSolution
		{3ACB6627-D6D6-4CE1-A142-68662304E9C6}.Debug|x64.ActiveCfg = Debug|x64
		{3ACB6627-D6D6-4CE1-A142-68662304E9C6}.Debug|x64.Build.0 = Debug|x64
		{3ACB6627-D6D6-4CE1-A142-68662304E9C6}.Debug|x86.ActiveCfg = Debug|Win32
		{3ACB6627-D6D6-4CE1-A142-68662304E9C6}.Debug|x86.Build.0 = Debug|Win32
		{3ACB6627-D6D6-4CE1-A142-68662304E9C6}.Release|x64.ActiveCfg = Release|x64
		{3ACB6627-D6D6-4CE1-A142-68662304E9C6}.Release|x64.Build.0 = Release|x64
		{3ACB6627-D6D6-4CE1-A142-68662304E9C6}.Release|x86.ActiveCfg = Release|Win32
		{3ACB6627-D6D6-4CE1-A142-68662304E9C6}.Release|x86.Build.0 = Release|Win32
	EndGlobalSection
	GlobalSection(SolutionProperties) = preSolution
		HideSolutionNode = FALSE
	EndGlobalSection
	GlobalSection(ExtensibilityGlobals) = postSolution
		SolutionGuid = {2B91A461-5C6A-4F7E-B2D2-C0312CBB0D23}
	EndGlobalSection
EndGlobal
